// !$*UTF8*$!
{
	archiveVersion = 1;
	classes = {
	};
	objectVersion = 55;
	objects = {

/* Begin PBXBuildFile section */
		14AD00B329DCE82400827F56 /* AppDelegate.swift in Sources */ = {isa = PBXBuildFile; fileRef = 14AD00B229DCE82400827F56 /* AppDelegate.swift */; };
		14AD00B529DCE82400827F56 /* SceneDelegate.swift in Sources */ = {isa = PBXBuildFile; fileRef = 14AD00B429DCE82400827F56 /* SceneDelegate.swift */; };
		14AD00B729DCE82400827F56 /* ViewController.swift in Sources */ = {isa = PBXBuildFile; fileRef = 14AD00B629DCE82400827F56 /* ViewController.swift */; };
		14AD00BA29DCE82400827F56 /* Main.storyboard in Resources */ = {isa = PBXBuildFile; fileRef = 14AD00B829DCE82400827F56 /* Main.storyboard */; };
		14AD00BC29DCE82500827F56 /* Assets.xcassets in Resources */ = {isa = PBXBuildFile; fileRef = 14AD00BB29DCE82500827F56 /* Assets.xcassets */; };
		14AD00BF29DCE82500827F56 /* LaunchScreen.storyboard in Resources */ = {isa = PBXBuildFile; fileRef = 14AD00BD29DCE82500827F56 /* LaunchScreen.storyboard */; };
		16A58FD09973E2157E6D0ECB /* Pods_portto_project.framework in Frameworks */ = {isa = PBXBuildFile; fileRef = CD1DF4946A589D501E66E74B /* Pods_portto_project.framework */; };
/* End PBXBuildFile section */

/* Begin PBXFileReference section */
		14AD00AF29DCE82400827F56 /* portto-project.app */ = {isa = PBXFileReference; explicitFileType = wrapper.application; includeInIndex = 0; path = "portto-project.app"; sourceTree = BUILT_PRODUCTS_DIR; };
		14AD00B229DCE82400827F56 /* AppDelegate.swift */ = {isa = PBXFileReference; lastKnownFileType = sourcecode.swift; path = AppDelegate.swift; sourceTree = "<group>"; };
		14AD00B429DCE82400827F56 /* SceneDelegate.swift */ = {isa = PBXFileReference; lastKnownFileType = sourcecode.swift; path = SceneDelegate.swift; sourceTree = "<group>"; };
		14AD00B629DCE82400827F56 /* ViewController.swift */ = {isa = PBXFileReference; lastKnownFileType = sourcecode.swift; path = ViewController.swift; sourceTree = "<group>"; };
		14AD00B929DCE82400827F56 /* Base */ = {isa = PBXFileReference; lastKnownFileType = file.storyboard; name = Base; path = Base.lproj/Main.storyboard; sourceTree = "<group>"; };
		14AD00BB29DCE82500827F56 /* Assets.xcassets */ = {isa = PBXFileReference; lastKnownFileType = folder.assetcatalog; path = Assets.xcassets; sourceTree = "<group>"; };
		14AD00BE29DCE82500827F56 /* Base */ = {isa = PBXFileReference; lastKnownFileType = file.storyboard; name = Base; path = Base.lproj/LaunchScreen.storyboard; sourceTree = "<group>"; };
		14AD00C029DCE82500827F56 /* Info.plist */ = {isa = PBXFileReference; lastKnownFileType = text.plist.xml; path = Info.plist; sourceTree = "<group>"; };
		672AB63B660AE84D1C9F7429 /* Pods-portto-project.release.xcconfig */ = {isa = PBXFileReference; includeInIndex = 1; lastKnownFileType = text.xcconfig; name = "Pods-portto-project.release.xcconfig"; path = "Target Support Files/Pods-portto-project/Pods-portto-project.release.xcconfig"; sourceTree = "<group>"; };
		C8117530FE250502CB5842F2 /* Pods-portto-project.debug.xcconfig */ = {isa = PBXFileReference; includeInIndex = 1; lastKnownFileType = text.xcconfig; name = "Pods-portto-project.debug.xcconfig"; path = "Target Support Files/Pods-portto-project/Pods-portto-project.debug.xcconfig"; sourceTree = "<group>"; };
		CD1DF4946A589D501E66E74B /* Pods_portto_project.framework */ = {isa = PBXFileReference; explicitFileType = wrapper.framework; includeInIndex = 0; path = Pods_portto_project.framework; sourceTree = BUILT_PRODUCTS_DIR; };
/* End PBXFileReference section */

/* Begin PBXFrameworksBuildPhase section */
		14AD00AC29DCE82400827F56 /* Frameworks */ = {
			isa = PBXFrameworksBuildPhase;
			buildActionMask = 2147483647;
			files = (
				16A58FD09973E2157E6D0ECB /* Pods_portto_project.framework in Frameworks */,
			);
			runOnlyForDeploymentPostprocessing = 0;
		};
/* End PBXFrameworksBuildPhase section */

/* Begin PBXGroup section */
		14AD00A629DCE82300827F56 = {
			isa = PBXGroup;
			children = (
				14AD00B129DCE82400827F56 /* portto-project */,
				14AD00B029DCE82400827F56 /* Products */,
				5B9E39AA2E067FB7C77E1CD6 /* Pods */,
				D6B2F5FECE19AD1F940EB074 /* Frameworks */,
			);
			sourceTree = "<group>";
		};
		14AD00B029DCE82400827F56 /* Products */ = {
			isa = PBXGroup;
			children = (
				14AD00AF29DCE82400827F56 /* portto-project.app */,
			);
			name = Products;
			sourceTree = "<group>";
		};
		14AD00B129DCE82400827F56 /* portto-project */ = {
			isa = PBXGroup;
			children = (
				14AD00B229DCE82400827F56 /* AppDelegate.swift */,
				14AD00B429DCE82400827F56 /* SceneDelegate.swift */,
				14AD00B629DCE82400827F56 /* ViewController.swift */,
				14AD00B829DCE82400827F56 /* Main.storyboard */,
				14AD00BB29DCE82500827F56 /* Assets.xcassets */,
				14AD00BD29DCE82500827F56 /* LaunchScreen.storyboard */,
				14AD00C029DCE82500827F56 /* Info.plist */,
			);
			path = "portto-project";
			sourceTree = "<group>";
		};
		5B9E39AA2E067FB7C77E1CD6 /* Pods */ = {
			isa = PBXGroup;
			children = (
				C8117530FE250502CB5842F2 /* Pods-portto-project.debug.xcconfig */,
				672AB63B660AE84D1C9F7429 /* Pods-portto-project.release.xcconfig */,
			);
			name = Pods;
			path = Pods;
			sourceTree = "<group>";
		};
		D6B2F5FECE19AD1F940EB074 /* Frameworks */ = {
			isa = PBXGroup;
			children = (
				CD1DF4946A589D501E66E74B /* Pods_portto_project.framework */,
			);
			name = Frameworks;
			sourceTree = "<group>";
		};
/* End PBXGroup section */

/* Begin PBXNativeTarget section */
		14AD00AE29DCE82400827F56 /* portto-project */ = {
			isa = PBXNativeTarget;
			buildConfigurationList = 14AD00C329DCE82500827F56 /* Build configuration list for PBXNativeTarget "portto-project" */;
			buildPhases = (
				7988CD0AC0FA3CB6FE586BF3 /* [CP] Check Pods Manifest.lock */,
				14AD00AB29DCE82400827F56 /* Sources */,
				14AD00AC29DCE82400827F56 /* Frameworks */,
				14AD00AD29DCE82400827F56 /* Resources */,
				191E8782E3E099A707DDDA73 /* [CP] Embed Pods Frameworks */,
			);
			buildRules = (
			);
			dependencies = (
			);
			name = "portto-project";
			productName = "portto-project";
			productReference = 14AD00AF29DCE82400827F56 /* portto-project.app */;
			productType = "com.apple.product-type.application";
		};
/* End PBXNativeTarget section */

/* Begin PBXProject section */
		14AD00A729DCE82300827F56 /* Project object */ = {
			isa = PBXProject;
			attributes = {
				BuildIndependentTargetsInParallel = 1;
				LastSwiftUpdateCheck = 1430;
				LastUpgradeCheck = 1430;
				TargetAttributes = {
					14AD00AE29DCE82400827F56 = {
						CreatedOnToolsVersion = 14.3;
					};
				};
			};
			buildConfigurationList = 14AD00AA29DCE82300827F56 /* Build configuration list for PBXProject "portto-project" */;
			compatibilityVersion = "Xcode 13.0";
			developmentRegion = en;
			hasScannedForEncodings = 0;
			knownRegions = (
				en,
				Base,
			);
			mainGroup = 14AD00A629DCE82300827F56;
			productRefGroup = 14AD00B029DCE82400827F56 /* Products */;
			projectDirPath = "";
			projectRoot = "";
			targets = (
				14AD00AE29DCE82400827F56 /* portto-project */,
			);
		};
/* End PBXProject section */

/* Begin PBXResourcesBuildPhase section */
		14AD00AD29DCE82400827F56 /* Resources */ = {
			isa = PBXResourcesBuildPhase;
			buildActionMask = 2147483647;
			files = (
				14AD00BF29DCE82500827F56 /* LaunchScreen.storyboard in Resources */,
				14AD00BC29DCE82500827F56 /* Assets.xcassets in Resources */,
				14AD00BA29DCE82400827F56 /* Main.storyboard in Resources */,
			);
			runOnlyForDeploymentPostprocessing = 0;
		};
/* End PBXResourcesBuildPhase section */

/* Begin PBXShellScriptBuildPhase section */
		191E8782E3E099A707DDDA73 /* [CP] Embed Pods Frameworks */ = {
			isa = PBXShellScriptBuildPhase;
			buildActionMask = 2147483647;
			files = (
			);
			inputFileListPaths = (
				"${PODS_ROOT}/Target Support Files/Pods-portto-project/Pods-portto-project-frameworks-${CONFIGURATION}-input-files.xcfilelist",
			);
			name = "[CP] Embed Pods Frameworks";
			outputFileListPaths = (
				"${PODS_ROOT}/Target Support Files/Pods-portto-project/Pods-portto-project-frameworks-${CONFIGURATION}-output-files.xcfilelist",
			);
			runOnlyForDeploymentPostprocessing = 0;
			shellPath = /bin/sh;
			shellScript = "\"${PODS_ROOT}/Target Support Files/Pods-portto-project/Pods-portto-project-frameworks.sh\"\n";
			showEnvVarsInLog = 0;
		};
		7988CD0AC0FA3CB6FE586BF3 /* [CP] Check Pods Manifest.lock */ = {
			isa = PBXShellScriptBuildPhase;
			buildActionMask = 2147483647;
			files = (
			);
			inputFileListPaths = (
			);
			inputPaths = (
				"${PODS_PODFILE_DIR_PATH}/Podfile.lock",
				"${PODS_ROOT}/Manifest.lock",
			);
			name = "[CP] Check Pods Manifest.lock";
			outputFileListPaths = (
			);
			outputPaths = (
				"$(DERIVED_FILE_DIR)/Pods-portto-project-checkManifestLockResult.txt",
			);
			runOnlyForDeploymentPostprocessing = 0;
			shellPath = /bin/sh;
			shellScript = "diff \"${PODS_PODFILE_DIR_PATH}/Podfile.lock\" \"${PODS_ROOT}/Manifest.lock\" > /dev/null\nif [ $? != 0 ] ; then\n    # print error to STDERR\n    echo \"error: The sandbox is not in sync with the Podfile.lock. Run 'pod install' or update your CocoaPods installation.\" >&2\n    exit 1\nfi\n# This output is used by Xcode 'outputs' to avoid re-running this script phase.\necho \"SUCCESS\" > \"${SCRIPT_OUTPUT_FILE_0}\"\n";
			showEnvVarsInLog = 0;
		};
/* End PBXShellScriptBuildPhase section */

/* Begin PBXSourcesBuildPhase section */
		14AD00AB29DCE82400827F56 /* Sources */ = {
			isa = PBXSourcesBuildPhase;
			buildActionMask = 2147483647;
			files = (
				14AD00B729DCE82400827F56 /* ViewController.swift in Sources */,
				14AD00B329DCE82400827F56 /* AppDelegate.swift in Sources */,
				14AD00B529DCE82400827F56 /* SceneDelegate.swift in Sources */,
			);
			runOnlyForDeploymentPostprocessing = 0;
		};
/* End PBXSourcesBuildPhase section */

/* Begin PBXVariantGroup section */
		14AD00B829DCE82400827F56 /* Main.storyboard */ = {
			isa = PBXVariantGroup;
			children = (
				14AD00B929DCE82400827F56 /* Base */,
			);
			name = Main.storyboard;
			sourceTree = "<group>";
		};
		14AD00BD29DCE82500827F56 /* LaunchScreen.storyboard */ = {
			isa = PBXVariantGroup;
			children = (
				14AD00BE29DCE82500827F56 /* Base */,
			);
			name = LaunchScreen.storyboard;
			sourceTree = "<group>";
		};
/* End PBXVariantGroup section */

/* Begin XCBuildConfiguration section */
		14AD00C129DCE82500827F56 /* Debug */ = {
			isa = XCBuildConfiguration;
			buildSettings = {
				ALWAYS_SEARCH_USER_PATHS = NO;
				CLANG_ANALYZER_NONNULL = YES;
				CLANG_ANALYZER_NUMBER_OBJECT_CONVERSION = YES_AGGRESSIVE;
				CLANG_CXX_LANGUAGE_STANDARD = "gnu++20";
				CLANG_ENABLE_MODULES = YES;
				CLANG_ENABLE_OBJC_ARC = YES;
				CLANG_ENABLE_OBJC_WEAK = YES;
				CLANG_WARN_BLOCK_CAPTURE_AUTORELEASING = YES;
				CLANG_WARN_BOOL_CONVERSION = YES;
				CLANG_WARN_COMMA = YES;
				CLANG_WARN_CONSTANT_CONVERSION = YES;
				CLANG_WARN_DEPRECATED_OBJC_IMPLEMENTATIONS = YES;
				CLANG_WARN_DIRECT_OBJC_ISA_USAGE = YES_ERROR;
				CLANG_WARN_DOCUMENTATION_COMMENTS = YES;
				CLANG_WARN_EMPTY_BODY = YES;
				CLANG_WARN_ENUM_CONVERSION = YES;
				CLANG_WARN_INFINITE_RECURSION = YES;
				CLANG_WARN_INT_CONVERSION = YES;
				CLANG_WARN_NON_LITERAL_NULL_CONVERSION = YES;
				CLANG_WARN_OBJC_IMPLICIT_RETAIN_SELF = YES;
				CLANG_WARN_OBJC_LITERAL_CONVERSION = YES;
				CLANG_WARN_OBJC_ROOT_CLASS = YES_ERROR;
				CLANG_WARN_QUOTED_INCLUDE_IN_FRAMEWORK_HEADER = YES;
				CLANG_WARN_RANGE_LOOP_ANALYSIS = YES;
				CLANG_WARN_STRICT_PROTOTYPES = YES;
				CLANG_WARN_SUSPICIOUS_MOVE = YES;
				CLANG_WARN_UNGUARDED_AVAILABILITY = YES_AGGRESSIVE;
				CLANG_WARN_UNREACHABLE_CODE = YES;
				CLANG_WARN__DUPLICATE_METHOD_MATCH = YES;
				COPY_PHASE_STRIP = NO;
				DEBUG_INFORMATION_FORMAT = dwarf;
				ENABLE_STRICT_OBJC_MSGSEND = YES;
				ENABLE_TESTABILITY = YES;
				GCC_C_LANGUAGE_STANDARD = gnu11;
				GCC_DYNAMIC_NO_PIC = NO;
				GCC_NO_COMMON_BLOCKS = YES;
				GCC_OPTIMIZATION_LEVEL = 0;
				GCC_PREPROCESSOR_DEFINITIONS = (
					"DEBUG=1",
					"$(inherited)",
				);
				GCC_WARN_64_TO_32_BIT_CONVERSION = YES;
				GCC_WARN_ABOUT_RETURN_TYPE = YES_ERROR;
				GCC_WARN_UNDECLARED_SELECTOR = YES;
				GCC_WARN_UNINITIALIZED_AUTOS = YES_AGGRESSIVE;
				GCC_WARN_UNUSED_FUNCTION = YES;
				GCC_WARN_UNUSED_VARIABLE = YES;
				IPHONEOS_DEPLOYMENT_TARGET = 16.4;
				MTL_ENABLE_DEBUG_INFO = INCLUDE_SOURCE;
				MTL_FAST_MATH = YES;
				ONLY_ACTIVE_ARCH = YES;
				SDKROOT = iphoneos;
				SWIFT_ACTIVE_COMPILATION_CONDITIONS = DEBUG;
				SWIFT_OPTIMIZATION_LEVEL = "-Onone";
			};
			name = Debug;
		};
		14AD00C229DCE82500827F56 /* Release */ = {
			isa = XCBuildConfiguration;
			buildSettings = {
				ALWAYS_SEARCH_USER_PATHS = NO;
				CLANG_ANALYZER_NONNULL = YES;
				CLANG_ANALYZER_NUMBER_OBJECT_CONVERSION = YES_AGGRESSIVE;
				CLANG_CXX_LANGUAGE_STANDARD = "gnu++20";
				CLANG_ENABLE_MODULES = YES;
				CLANG_ENABLE_OBJC_ARC = YES;
				CLANG_ENABLE_OBJC_WEAK = YES;
				CLANG_WARN_BLOCK_CAPTURE_AUTORELEASING = YES;
				CLANG_WARN_BOOL_CONVERSION = YES;
				CLANG_WARN_COMMA = YES;
				CLANG_WARN_CONSTANT_CONVERSION = YES;
				CLANG_WARN_DEPRECATED_OBJC_IMPLEMENTATIONS = YES;
				CLANG_WARN_DIRECT_OBJC_ISA_USAGE = YES_ERROR;
				CLANG_WARN_DOCUMENTATION_COMMENTS = YES;
				CLANG_WARN_EMPTY_BODY = YES;
				CLANG_WARN_ENUM_CONVERSION = YES;
				CLANG_WARN_INFINITE_RECURSION = YES;
				CLANG_WARN_INT_CONVERSION = YES;
				CLANG_WARN_NON_LITERAL_NULL_CONVERSION = YES;
				CLANG_WARN_OBJC_IMPLICIT_RETAIN_SELF = YES;
				CLANG_WARN_OBJC_LITERAL_CONVERSION = YES;
				CLANG_WARN_OBJC_ROOT_CLASS = YES_ERROR;
				CLANG_WARN_QUOTED_INCLUDE_IN_FRAMEWORK_HEADER = YES;
				CLANG_WARN_RANGE_LOOP_ANALYSIS = YES;
				CLANG_WARN_STRICT_PROTOTYPES = YES;
				CLANG_WARN_SUSPICIOUS_MOVE = YES;
				CLANG_WARN_UNGUARDED_AVAILABILITY = YES_AGGRESSIVE;
				CLANG_WARN_UNREACHABLE_CODE = YES;
				CLANG_WARN__DUPLICATE_METHOD_MATCH = YES;
				COPY_PHASE_STRIP = NO;
				DEBUG_INFORMATION_FORMAT = "dwarf-with-dsym";
				ENABLE_NS_ASSERTIONS = NO;
				ENABLE_STRICT_OBJC_MSGSEND = YES;
				GCC_C_LANGUAGE_STANDARD = gnu11;
				GCC_NO_COMMON_BLOCKS = YES;
				GCC_WARN_64_TO_32_BIT_CONVERSION = YES;
				GCC_WARN_ABOUT_RETURN_TYPE = YES_ERROR;
				GCC_WARN_UNDECLARED_SELECTOR = YES;
				GCC_WARN_UNINITIALIZED_AUTOS = YES_AGGRESSIVE;
				GCC_WARN_UNUSED_FUNCTION = YES;
				GCC_WARN_UNUSED_VARIABLE = YES;
				IPHONEOS_DEPLOYMENT_TARGET = 16.4;
				MTL_ENABLE_DEBUG_INFO = NO;
				MTL_FAST_MATH = YES;
				SDKROOT = iphoneos;
				SWIFT_COMPILATION_MODE = wholemodule;
				SWIFT_OPTIMIZATION_LEVEL = "-O";
				VALIDATE_PRODUCT = YES;
			};
			name = Release;
		};
		14AD00C429DCE82500827F56 /* Debug */ = {
			isa = XCBuildConfiguration;
			baseConfigurationReference = C8117530FE250502CB5842F2 /* Pods-portto-project.debug.xcconfig */;
			buildSettings = {
				ASSETCATALOG_COMPILER_APPICON_NAME = AppIcon;
				ASSETCATALOG_COMPILER_GLOBAL_ACCENT_COLOR_NAME = AccentColor;
				CODE_SIGN_STYLE = Automatic;
				CURRENT_PROJECT_VERSION = 1;
				DEVELOPMENT_TEAM = XQD27QD2Y5;
				GENERATE_INFOPLIST_FILE = YES;
				INFOPLIST_FILE = "portto-project/Info.plist";
				INFOPLIST_KEY_UIApplicationSupportsIndirectInputEvents = YES;
				INFOPLIST_KEY_UILaunchStoryboardName = LaunchScreen;
				INFOPLIST_KEY_UIMainStoryboardFile = Main;
				INFOPLIST_KEY_UISupportedInterfaceOrientations_iPad = "UIInterfaceOrientationPortrait UIInterfaceOrientationPortraitUpsideDown UIInterfaceOrientationLandscapeLeft UIInterfaceOrientationLandscapeRight";
				INFOPLIST_KEY_UISupportedInterfaceOrientations_iPhone = "UIInterfaceOrientationPortrait UIInterfaceOrientationLandscapeLeft UIInterfaceOrientationLandscapeRight";
				IPHONEOS_DEPLOYMENT_TARGET = 16.0;
				LD_RUNPATH_SEARCH_PATHS = (
					"$(inherited)",
					"@executable_path/Frameworks",
				);
				MARKETING_VERSION = 1.0;
				PRODUCT_BUNDLE_IDENTIFIER = "com.seanyin.portto.project.portto-project";
				PRODUCT_NAME = "$(TARGET_NAME)";
				SWIFT_EMIT_LOC_STRINGS = YES;
				SWIFT_VERSION = 5.0;
				TARGETED_DEVICE_FAMILY = "1,2";
			};
			name = Debug;
		};
		14AD00C529DCE82500827F56 /* Release */ = {
			isa = XCBuildConfiguration;
			baseConfigurationReference = 672AB63B660AE84D1C9F7429 /* Pods-portto-project.release.xcconfig */;
			buildSettings = {
				ASSETCATALOG_COMPILER_APPICON_NAME = AppIcon;
				ASSETCATALOG_COMPILER_GLOBAL_ACCENT_COLOR_NAME = AccentColor;
				CODE_SIGN_STYLE = Automatic;
				CURRENT_PROJECT_VERSION = 1;
				DEVELOPMENT_TEAM = XQD27QD2Y5;
				GENERATE_INFOPLIST_FILE = YES;
				INFOPLIST_FILE = "portto-project/Info.plist";
				INFOPLIST_KEY_UIApplicationSupportsIndirectInputEvents = YES;
				INFOPLIST_KEY_UILaunchStoryboardName = LaunchScreen;
				INFOPLIST_KEY_UIMainStoryboardFile = Main;
				INFOPLIST_KEY_UISupportedInterfaceOrientations_iPad = "UIInterfaceOrientationPortrait UIInterfaceOrientationPortraitUpsideDown UIInterfaceOrientationLandscapeLeft UIInterfaceOrientationLandscapeRight";
				INFOPLIST_KEY_UISupportedInterfaceOrientations_iPhone = "UIInterfaceOrientationPortrait UIInterfaceOrientationLandscapeLeft UIInterfaceOrientationLandscapeRight";
				IPHONEOS_DEPLOYMENT_TARGET = 16.0;
				LD_RUNPATH_SEARCH_PATHS = (
					"$(inherited)",
					"@executable_path/Frameworks",
				);
				MARKETING_VERSION = 1.0;
				PRODUCT_BUNDLE_IDENTIFIER = "com.seanyin.portto.project.portto-project";
				PRODUCT_NAME = "$(TARGET_NAME)";
				SWIFT_EMIT_LOC_STRINGS = YES;
				SWIFT_VERSION = 5.0;
				TARGETED_DEVICE_FAMILY = "1,2";
			};
			name = Release;
		};
/* End XCBuildConfiguration section */

/* Begin XCConfigurationList section */
		14AD00AA29DCE82300827F56 /* Build configuration list for PBXProject "portto-project" */ = {
			isa = XCConfigurationList;
			buildConfigurations = (
				14AD00C129DCE82500827F56 /* Debug */,
				14AD00C229DCE82500827F56 /* Release */,
			);
			defaultConfigurationIsVisible = 0;
			defaultConfigurationName = Release;
		};
		14AD00C329DCE82500827F56 /* Build configuration list for PBXNativeTarget "portto-project" */ = {
			isa = XCConfigurationList;
			buildConfigurations = (
				14AD00C429DCE82500827F56 /* Debug */,
				14AD00C529DCE82500827F56 /* Release */,
			);
			defaultConfigurationIsVisible = 0;
			defaultConfigurationName = Release;
		};
/* End XCConfigurationList section */
	};
	rootObject = 14AD00A729DCE82300827F56 /* Project object */;
}
